{
  "object": {
    "pins": [
      {
        "package": "ShopliveSDKCommon",
        "repositoryURL": "https://github.com/shoplive/common-ios.git",
        "state": {
          "branch": null,
          "revision": "0f249697f33103ce081c4fdc1f708d77c119f6fb",
          "version": "1.4.4"
        }
      }
    ]
  },
  "version": 1
}
