{
  "object": {
    "pins": [
      {
        "package": "ShopliveSDKCommon",
        "repositoryURL": "https://github.com/shoplive/common-ios.git",
        "state": {
          "branch": null,
          "revision": "c2ec4b018e54c911efed51cc7e75d563d669df44",
          "version": "1.4.4"
        }
      }
    ]
  },
  "version": 1
}
