{
  "object": {
    "pins": [
      {
        "package": "ShopliveSDKCommon",
        "repositoryURL": "https://github.com/shoplive/common-ios.git",
        "state": {
          "branch": null,
          "revision": "cd20c6ea9680cf78056b202a555459b8f14b29d0",
          "version": "1.4.1"
        }
      }
    ]
  },
  "version": 1
}
